<?xml version="1.0" encoding="utf-8"?>
<Project ToolsVersion="4.0" xmlns="http://schemas.microsoft.com/developer/msbuild/2003">
  <ItemGroup>
    <Filter Include="소스 파일">
      <UniqueIdentifier>{4FC737F1-C7A5-4376-A066-2A32D752A2FF}</UniqueIdentifier>
      <Extensions>cpp;c;cc;cxx;c++;cppm;ixx;def;odl;idl;hpj;bat;asm;asmx</Extensions>
    </Filter>
    <Filter Include="리소스 파일">
      <UniqueIdentifier>{67DA6AB6-F800-4c08-8B7A-83BB121AAD01}</UniqueIdentifier>
      <Extensions>rc;ico;cur;bmp;dlg;rc2;rct;bin;rgs;gif;jpg;jpeg;jpe;resx;tiff;tif;png;wav;mfcribbon-ms</Extensions>
    </Filter>
    <Filter Include="소스 파일\99.Headers">
      <UniqueIdentifier>{340004c5-a5d6-40e3-8a22-875c6ea6e3f1}</UniqueIdentifier>
    </Filter>
    <Filter Include="소스 파일\99.Headers\Andromeda">
      <UniqueIdentifier>{1d1f1536-4dca-4ea0-bdfe-0bb52c7ec671}</UniqueIdentifier>
    </Filter>
    <Filter Include="소스 파일\00.MainGame">
      <UniqueIdentifier>{41d6e7d5-e44f-4996-86d5-4143fed63cd2}</UniqueIdentifier>
    </Filter>
    <Filter Include="소스 파일\01.Manager">
      <UniqueIdentifier>{c0041281-6f7e-4908-9c72-808893ae6812}</UniqueIdentifier>
    </Filter>
    <Filter Include="소스 파일\02.Scene">
      <UniqueIdentifier>{8104da08-8e30-4168-abce-a0c4c64aa548}</UniqueIdentifier>
    </Filter>
    <Filter Include="소스 파일\03.Objects">
      <UniqueIdentifier>{b890d366-fa31-4b49-94e0-1aae362b34b4}</UniqueIdentifier>
    </Filter>
    <Filter Include="소스 파일\04.Resources">
      <UniqueIdentifier>{761f3196-c934-44c0-bfe9-08d5a148f807}</UniqueIdentifier>
    </Filter>
    <Filter Include="소스 파일\05.Component">
      <UniqueIdentifier>{dc77faac-6773-418e-adb2-90f161a7f757}</UniqueIdentifier>
    </Filter>
    <Filter Include="소스 파일\05.Component\Collision">
      <UniqueIdentifier>{28c032d5-3180-434f-a471-fe8e5f49b324}</UniqueIdentifier>
    </Filter>
    <Filter Include="소스 파일\04.Resources\Sound">
      <UniqueIdentifier>{28064bc1-33aa-4bc7-8a10-a3a04bb0c3d8}</UniqueIdentifier>
    </Filter>
    <Filter Include="소스 파일\06.UI">
      <UniqueIdentifier>{278f1008-c888-4717-8905-5e26f33e1c6d}</UniqueIdentifier>
    </Filter>
    <Filter Include="소스 파일\05.Component\Camera">
      <UniqueIdentifier>{c0bc6e0b-b85f-4fba-9eb1-5594072c42b9}</UniqueIdentifier>
    </Filter>
    <Filter Include="소스 파일\Protocol">
      <UniqueIdentifier>{4f8c22db-004c-4f41-abf8-7edf5ebc620a}</UniqueIdentifier>
    </Filter>
    <Filter Include="소스 파일\07.Network">
      <UniqueIdentifier>{5555eda3-8e2d-4dcc-8273-d79454ff5751}</UniqueIdentifier>
    </Filter>
  </ItemGroup>
  <ItemGroup>
    <ClInclude Include="Resource.h">
      <Filter>소스 파일\99.Headers\Andromeda</Filter>
    </ClInclude>
    <ClInclude Include="framework.h">
      <Filter>소스 파일\99.Headers\Andromeda</Filter>
    </ClInclude>
    <ClInclude Include="targetver.h">
      <Filter>소스 파일\99.Headers\Andromeda</Filter>
    </ClInclude>
    <ClInclude Include="2DShooting_SeolBin.h">
      <Filter>소스 파일\00.MainGame</Filter>
    </ClInclude>
    <ClInclude Include="Game.h">
      <Filter>소스 파일\00.MainGame</Filter>
    </ClInclude>
    <ClInclude Include="InputManager.h">
      <Filter>소스 파일\01.Manager</Filter>
    </ClInclude>
    <ClInclude Include="SceneManager.h">
      <Filter>소스 파일\01.Manager</Filter>
    </ClInclude>
    <ClInclude Include="TimeManager.h">
      <Filter>소스 파일\01.Manager</Filter>
    </ClInclude>
    <ClInclude Include="Scene.h">
      <Filter>소스 파일\02.Scene</Filter>
    </ClInclude>
    <ClInclude Include="GameScene.h">
      <Filter>소스 파일\02.Scene</Filter>
    </ClInclude>
    <ClInclude Include="DevScene.h">
      <Filter>소스 파일\02.Scene</Filter>
    </ClInclude>
    <ClInclude Include="Utils.h">
      <Filter>소스 파일\99.Headers</Filter>
    </ClInclude>
    <ClInclude Include="Defines.h">
      <Filter>소스 파일\99.Headers</Filter>
    </ClInclude>
    <ClInclude Include="Enums.h">
      <Filter>소스 파일\99.Headers</Filter>
    </ClInclude>
    <ClInclude Include="pch.h">
      <Filter>소스 파일\99.Headers</Filter>
    </ClInclude>
    <ClInclude Include="Types.h">
      <Filter>소스 파일\99.Headers</Filter>
    </ClInclude>
    <ClInclude Include="Actor.h">
      <Filter>소스 파일\03.Objects</Filter>
    </ClInclude>
    <ClInclude Include="Component.h">
      <Filter>소스 파일\05.Component</Filter>
    </ClInclude>
    <ClInclude Include="Collider.h">
      <Filter>소스 파일\05.Component\Collision</Filter>
    </ClInclude>
    <ClInclude Include="BoxCollider.h">
      <Filter>소스 파일\05.Component\Collision</Filter>
    </ClInclude>
    <ClInclude Include="Values.h">
      <Filter>소스 파일\99.Headers</Filter>
    </ClInclude>
    <ClInclude Include="SphereCollider.h">
      <Filter>소스 파일\05.Component\Collision</Filter>
    </ClInclude>
    <ClInclude Include="FlipbookActor.h">
      <Filter>소스 파일\03.Objects</Filter>
    </ClInclude>
    <ClInclude Include="ResourceBase.h">
      <Filter>소스 파일\04.Resources</Filter>
    </ClInclude>
    <ClInclude Include="Flipbook.h">
      <Filter>소스 파일\04.Resources</Filter>
    </ClInclude>
    <ClInclude Include="Texture.h">
      <Filter>소스 파일\04.Resources</Filter>
    </ClInclude>
    <ClInclude Include="Sprite.h">
      <Filter>소스 파일\04.Resources</Filter>
    </ClInclude>
    <ClInclude Include="EditScene.h">
      <Filter>소스 파일\02.Scene</Filter>
    </ClInclude>
    <ClInclude Include="ResourceManager.h">
      <Filter>소스 파일\01.Manager</Filter>
    </ClInclude>
    <ClInclude Include="SoundManager.h">
      <Filter>소스 파일\01.Manager</Filter>
    </ClInclude>
    <ClInclude Include="Sound.h">
      <Filter>소스 파일\04.Resources\Sound</Filter>
    </ClInclude>
    <ClInclude Include="TileMap.h">
      <Filter>소스 파일\04.Resources</Filter>
    </ClInclude>
    <ClInclude Include="UI.h">
      <Filter>소스 파일\06.UI</Filter>
    </ClInclude>
    <ClInclude Include="SpriteActor.h">
      <Filter>소스 파일\03.Objects</Filter>
    </ClInclude>
    <ClInclude Include="Player.h">
      <Filter>소스 파일\03.Objects</Filter>
    </ClInclude>
    <ClInclude Include="TilemapActor.h">
      <Filter>소스 파일\03.Objects</Filter>
    </ClInclude>
    <ClInclude Include="CameraComponent.h">
      <Filter>소스 파일\05.Component\Camera</Filter>
    </ClInclude>
    <ClInclude Include="CollisionManager.h">
      <Filter>소스 파일\01.Manager</Filter>
    </ClInclude>
    <ClInclude Include="Missile.h">
      <Filter>소스 파일\03.Objects</Filter>
    </ClInclude>
    <ClInclude Include="Background.h">
      <Filter>소스 파일\03.Objects</Filter>
    </ClInclude>
    <ClInclude Include="DestroyZone.h">
      <Filter>소스 파일\03.Objects</Filter>
    </ClInclude>
    <ClInclude Include="Wall.h">
      <Filter>소스 파일\03.Objects</Filter>
    </ClInclude>
    <ClInclude Include="Enemy.h">
      <Filter>소스 파일\03.Objects</Filter>
    </ClInclude>
    <ClInclude Include="HalfMoonEnemy.h">
      <Filter>소스 파일\03.Objects</Filter>
    </ClInclude>
    <ClInclude Include="EnemySpawnManager.h">
      <Filter>소스 파일\01.Manager</Filter>
    </ClInclude>
    <ClInclude Include="EnemyMissile.h">
      <Filter>소스 파일\03.Objects</Filter>
    </ClInclude>
    <ClInclude Include="ExplosionEffect.h">
      <Filter>소스 파일\03.Objects</Filter>
    </ClInclude>
    <ClInclude Include="Enum.pb.h">
      <Filter>소스 파일\Protocol</Filter>
    </ClInclude>
    <ClInclude Include="Protocol.pb.h">
      <Filter>소스 파일\Protocol</Filter>
    </ClInclude>
    <ClInclude Include="Struct.pb.h">
      <Filter>소스 파일\Protocol</Filter>
    </ClInclude>
    <ClInclude Include="ClientPacketHandler.h">
      <Filter>소스 파일\07.Network</Filter>
    </ClInclude>
    <ClInclude Include="ServerSession.h">
      <Filter>소스 파일\07.Network</Filter>
    </ClInclude>
    <ClInclude Include="NetworkManager.h">
      <Filter>소스 파일\01.Manager</Filter>
    </ClInclude>
    <ClInclude Include="MyPlayer.h">
      <Filter>소스 파일\03.Objects</Filter>
    </ClInclude>
    <ClInclude Include="WhiteEnemy.h">
      <Filter>소스 파일\03.Objects</Filter>
    </ClInclude>
    <ClInclude Include="GameManager.h">
      <Filter>소스 파일\01.Manager</Filter>
    </ClInclude>
    <ClInclude Include="TestLerpActor.h" />
  </ItemGroup>
  <ItemGroup>
    <ClCompile Include="2DShooting_SeolBin.cpp">
      <Filter>소스 파일\00.MainGame</Filter>
    </ClCompile>
    <ClCompile Include="Game.cpp">
      <Filter>소스 파일\00.MainGame</Filter>
    </ClCompile>
    <ClCompile Include="InputManager.cpp">
      <Filter>소스 파일\01.Manager</Filter>
    </ClCompile>
    <ClCompile Include="SceneManager.cpp">
      <Filter>소스 파일\01.Manager</Filter>
    </ClCompile>
    <ClCompile Include="TimeManager.cpp">
      <Filter>소스 파일\01.Manager</Filter>
    </ClCompile>
    <ClCompile Include="Scene.cpp">
      <Filter>소스 파일\02.Scene</Filter>
    </ClCompile>
    <ClCompile Include="GameScene.cpp">
      <Filter>소스 파일\02.Scene</Filter>
    </ClCompile>
    <ClCompile Include="DevScene.cpp">
      <Filter>소스 파일\02.Scene</Filter>
    </ClCompile>
    <ClCompile Include="pch.cpp">
      <Filter>소스 파일\99.Headers</Filter>
    </ClCompile>
    <ClCompile Include="Utils.cpp">
      <Filter>소스 파일\99.Headers</Filter>
    </ClCompile>
    <ClCompile Include="Actor.cpp">
      <Filter>소스 파일\03.Objects</Filter>
    </ClCompile>
    <ClCompile Include="Component.cpp">
      <Filter>소스 파일\05.Component</Filter>
    </ClCompile>
    <ClCompile Include="Collider.cpp">
      <Filter>소스 파일\05.Component\Collision</Filter>
    </ClCompile>
    <ClCompile Include="BoxCollider.cpp">
      <Filter>소스 파일\05.Component\Collision</Filter>
    </ClCompile>
    <ClCompile Include="SphereCollider.cpp">
      <Filter>소스 파일\05.Component\Collision</Filter>
    </ClCompile>
    <ClCompile Include="FlipbookActor.cpp">
      <Filter>소스 파일\03.Objects</Filter>
    </ClCompile>
    <ClCompile Include="ResourceBase.cpp">
      <Filter>소스 파일\04.Resources</Filter>
    </ClCompile>
    <ClCompile Include="Flipbook.cpp">
      <Filter>소스 파일\04.Resources</Filter>
    </ClCompile>
    <ClCompile Include="Texture.cpp">
      <Filter>소스 파일\04.Resources</Filter>
    </ClCompile>
    <ClCompile Include="Sprite.cpp">
      <Filter>소스 파일\04.Resources</Filter>
    </ClCompile>
    <ClCompile Include="EditScene.cpp">
      <Filter>소스 파일\02.Scene</Filter>
    </ClCompile>
    <ClCompile Include="ResourceManager.cpp">
      <Filter>소스 파일\01.Manager</Filter>
    </ClCompile>
    <ClCompile Include="SoundManager.cpp">
      <Filter>소스 파일\01.Manager</Filter>
    </ClCompile>
    <ClCompile Include="Sound.cpp">
      <Filter>소스 파일\04.Resources\Sound</Filter>
    </ClCompile>
    <ClCompile Include="TileMap.cpp">
      <Filter>소스 파일\04.Resources</Filter>
    </ClCompile>
    <ClCompile Include="UI.cpp">
      <Filter>소스 파일\06.UI</Filter>
    </ClCompile>
    <ClCompile Include="SpriteActor.cpp">
      <Filter>소스 파일\03.Objects</Filter>
    </ClCompile>
    <ClCompile Include="Player.cpp">
      <Filter>소스 파일\03.Objects</Filter>
    </ClCompile>
    <ClCompile Include="TilemapActor.cpp">
      <Filter>소스 파일\03.Objects</Filter>
    </ClCompile>
    <ClCompile Include="CameraComponent.cpp">
      <Filter>소스 파일\05.Component\Camera</Filter>
    </ClCompile>
    <ClCompile Include="CollisionManager.cpp">
      <Filter>소스 파일\01.Manager</Filter>
    </ClCompile>
    <ClCompile Include="Missile.cpp">
      <Filter>소스 파일\03.Objects</Filter>
    </ClCompile>
    <ClCompile Include="Background.cpp">
      <Filter>소스 파일\03.Objects</Filter>
    </ClCompile>
    <ClCompile Include="DestroyZone.cpp">
      <Filter>소스 파일\03.Objects</Filter>
    </ClCompile>
    <ClCompile Include="Wall.cpp">
      <Filter>소스 파일\03.Objects</Filter>
    </ClCompile>
    <ClCompile Include="Enemy.cpp">
      <Filter>소스 파일\03.Objects</Filter>
    </ClCompile>
    <ClCompile Include="HalfMoonEnemy.cpp">
      <Filter>소스 파일\03.Objects</Filter>
    </ClCompile>
    <ClCompile Include="EnemySpawnManager.cpp">
      <Filter>소스 파일\01.Manager</Filter>
    </ClCompile>
    <ClCompile Include="EnemyMissile.cpp">
      <Filter>소스 파일\03.Objects</Filter>
    </ClCompile>
    <ClCompile Include="ExplosionEffect.cpp">
      <Filter>소스 파일\03.Objects</Filter>
    </ClCompile>
    <ClCompile Include="Enum.pb.cc">
      <Filter>소스 파일\Protocol</Filter>
    </ClCompile>
    <ClCompile Include="Protocol.pb.cc">
      <Filter>소스 파일\Protocol</Filter>
    </ClCompile>
    <ClCompile Include="Struct.pb.cc">
      <Filter>소스 파일\Protocol</Filter>
    </ClCompile>
    <ClCompile Include="ClientPacketHandler.cpp">
      <Filter>소스 파일\07.Network</Filter>
    </ClCompile>
    <ClCompile Include="ServerSession.cpp">
      <Filter>소스 파일\07.Network</Filter>
    </ClCompile>
    <ClCompile Include="NetworkManager.cpp">
      <Filter>소스 파일\01.Manager</Filter>
    </ClCompile>
    <ClCompile Include="MyPlayer.cpp">
      <Filter>소스 파일\03.Objects</Filter>
    </ClCompile>
    <ClCompile Include="WhiteEnemy.cpp">
      <Filter>소스 파일\03.Objects</Filter>
    </ClCompile>
    <ClCompile Include="GameManager.cpp">
      <Filter>소스 파일\01.Manager</Filter>
    </ClCompile>
    <ClCompile Include="TestLerpActor.cpp">
      <Filter>소스 파일</Filter>
    </ClCompile>
  </ItemGroup>
  <ItemGroup>
    <ResourceCompile Include="2DShooting_SeolBin.rc">
      <Filter>리소스 파일</Filter>
    </ResourceCompile>
  </ItemGroup>
  <ItemGroup>
    <Image Include="small.ico">
      <Filter>리소스 파일</Filter>
    </Image>
    <Image Include="2DShooting_SeolBin.ico">
      <Filter>리소스 파일</Filter>
    </Image>
  </ItemGroup>
</Project>